
Microsoft Visual Studio Solution File, Format Version 12.00
# Visual Studio 15
VisualStudioVersion = 15.0.28307.168
MinimumVisualStudioVersion = 10.0.40219.1
Project("{FAE04EC0-301F-11D3-BF4B-00C04F79EFBC}") = "726115-CSD3354", "726115-CSD3354\726115-CSD3354.csproj", "{644EA7A8-B244-4780-B496-2E19DAC2926A}"
EndProject
Global
	GlobalSection(SolutionConfigurationPlatforms) = preSolution
		Debug|Any CPU = Debug|Any CPU
		Release|Any CPU = Release|Any CPU
	EndGlobalSection
	GlobalSection(ProjectConfigurationPlatforms) = postSolution
		{644EA7A8-B244-4780-B496-2E19DAC2926A}.Debug|Any CPU.ActiveCfg = Debug|Any CPU
		{644EA7A8-B244-4780-B496-2E19DAC2926A}.Debug|Any CPU.Build.0 = Debug|Any CPU
		{644EA7A8-B244-4780-B496-2E19DAC2926A}.Release|Any CPU.ActiveCfg = Release|Any CPU
		{644EA7A8-B244-4780-B496-2E19DAC2926A}.Release|Any CPU.Build.0 = Release|Any CPU
	EndGlobalSection
	GlobalSection(SolutionProperties) = preSolution
		HideSolutionNode = FALSE
	EndGlobalSection
	GlobalSection(ExtensibilityGlobals) = postSolution
		SolutionGuid = {64F21AB9-F0D5-4E81-86F2-0C393559CBF7}
	EndGlobalSection
EndGlobal
